
Microsoft Visual Studio Solution File, Format Version 12.00
# Visual Studio 2013
VisualStudioVersion = 12.0.21005.1
MinimumVisualStudioVersion = 10.0.40219.1
Project("{F184B08F-C81C-45F6-A57F-5ABD9991F28F}") = "vbsigcatmin_addin", "vbsigcatmin_addin.vbproj", "{C614256D-D253-4793-9CF9-23C583E95C2C}"
EndProject
Project("{F184B08F-C81C-45F6-A57F-5ABD9991F28F}") = "GEOCATMIN", "..\vbsigcatmin_main\GEOCATMIN.vbproj", "{B2AD9378-63BA-4333-9934-496E447F8A3A}"
EndProject
Project("{F184B08F-C81C-45F6-A57F-5ABD9991F28F}") = "PORTAL_Clases", "..\vbsigcatmin_main\componentes\PORTAL_Clases\PORTAL_Clases.vbproj", "{96242FF8-B759-41C6-8725-B35B290D0A5E}"
EndProject
Project("{F184B08F-C81C-45F6-A57F-5ABD9991F28F}") = "PORTAL_Configuracion", "..\vbsigcatmin_main\componentes\PORTAL_Configuracion\PORTAL_Configuracion.vbproj", "{FD036D2B-6FED-482C-98CA-E2F5A7FC5F91}"
EndProject
Global
	GlobalSection(SolutionConfigurationPlatforms) = preSolution
		Debug|Any CPU = Debug|Any CPU
		Release|Any CPU = Release|Any CPU
	EndGlobalSection
	GlobalSection(ProjectConfigurationPlatforms) = postSolution
		{C614256D-D253-4793-9CF9-23C583E95C2C}.Debug|Any CPU.ActiveCfg = Debug|Any CPU
		{C614256D-D253-4793-9CF9-23C583E95C2C}.Debug|Any CPU.Build.0 = Debug|Any CPU
		{C614256D-D253-4793-9CF9-23C583E95C2C}.Release|Any CPU.ActiveCfg = Release|Any CPU
		{C614256D-D253-4793-9CF9-23C583E95C2C}.Release|Any CPU.Build.0 = Release|Any CPU
		{B2AD9378-63BA-4333-9934-496E447F8A3A}.Debug|Any CPU.ActiveCfg = Debug|Any CPU
		{B2AD9378-63BA-4333-9934-496E447F8A3A}.Debug|Any CPU.Build.0 = Debug|Any CPU
		{B2AD9378-63BA-4333-9934-496E447F8A3A}.Release|Any CPU.ActiveCfg = Release|Any CPU
		{B2AD9378-63BA-4333-9934-496E447F8A3A}.Release|Any CPU.Build.0 = Release|Any CPU
		{96242FF8-B759-41C6-8725-B35B290D0A5E}.Debug|Any CPU.ActiveCfg = Debug|Any CPU
		{96242FF8-B759-41C6-8725-B35B290D0A5E}.Debug|Any CPU.Build.0 = Debug|Any CPU
		{96242FF8-B759-41C6-8725-B35B290D0A5E}.Release|Any CPU.ActiveCfg = Release|Any CPU
		{96242FF8-B759-41C6-8725-B35B290D0A5E}.Release|Any CPU.Build.0 = Release|Any CPU
		{FD036D2B-6FED-482C-98CA-E2F5A7FC5F91}.Debug|Any CPU.ActiveCfg = Debug|Any CPU
		{FD036D2B-6FED-482C-98CA-E2F5A7FC5F91}.Debug|Any CPU.Build.0 = Debug|Any CPU
		{FD036D2B-6FED-482C-98CA-E2F5A7FC5F91}.Release|Any CPU.ActiveCfg = Release|Any CPU
		{FD036D2B-6FED-482C-98CA-E2F5A7FC5F91}.Release|Any CPU.Build.0 = Release|Any CPU
	EndGlobalSection
	GlobalSection(SolutionProperties) = preSolution
		HideSolutionNode = FALSE
	EndGlobalSection
EndGlobal
